
Microsoft Visual Studio Solution File, Format Version 12.00
# Visual Studio Version 17
VisualStudioVersion = 17.3.32811.315
MinimumVisualStudioVersion = 10.0.40219.1
Project("{9A19103F-16F7-4668-BE54-9A1E7A4F7556}") = "Overbeered.VkArchiver.Console", "Overbeered.VkArchiver.Console\Overbeered.VkArchiver.Console.csproj", "{52DD93FB-2006-4A46-91E0-6B0589B07C2A}"
EndProject
Global
	GlobalSection(SolutionConfigurationPlatforms) = preSolution
		Debug|Any CPU = Debug|Any CPU
		Release|Any CPU = Release|Any CPU
	EndGlobalSection
	GlobalSection(ProjectConfigurationPlatforms) = postSolution
		{52DD93FB-2006-4A46-91E0-6B0589B07C2A}.Debug|Any CPU.ActiveCfg = Debug|Any CPU
		{52DD93FB-2006-4A46-91E0-6B0589B07C2A}.Debug|Any CPU.Build.0 = Debug|Any CPU
		{52DD93FB-2006-4A46-91E0-6B0589B07C2A}.Release|Any CPU.ActiveCfg = Release|Any CPU
		{52DD93FB-2006-4A46-91E0-6B0589B07C2A}.Release|Any CPU.Build.0 = Release|Any CPU
	EndGlobalSection
	GlobalSection(SolutionProperties) = preSolution
		HideSolutionNode = FALSE
	EndGlobalSection
	GlobalSection(ExtensibilityGlobals) = postSolution
		SolutionGuid = {3F501D32-F866-4636-9844-9CEAD1C3DD05}
	EndGlobalSection
EndGlobal
